
Microsoft Visual Studio Solution File, Format Version 12.00
# Visual Studio 14
VisualStudioVersion = 14.0.25420.1
MinimumVisualStudioVersion = 10.0.40219.1
Project("{FAE04EC0-301F-11D3-BF4B-00C04F79EFBC}") = "copyNPlaceFamilyAtBlock", "copyNPlaceFamilyAtBlock\copyNPlaceFamilyAtBlock.csproj", "{95C6A132-FD2D-40F8-B2DE-BDDD0BA46810}"
EndProject
Global
	GlobalSection(SolutionConfigurationPlatforms) = preSolution
		Debug|Any CPU = Debug|Any CPU
		Release|Any CPU = Release|Any CPU
	EndGlobalSection
	GlobalSection(ProjectConfigurationPlatforms) = postSolution
		{95C6A132-FD2D-40F8-B2DE-BDDD0BA46810}.Debug|Any CPU.ActiveCfg = Debug|Any CPU
		{95C6A132-FD2D-40F8-B2DE-BDDD0BA46810}.Debug|Any CPU.Build.0 = Debug|Any CPU
		{95C6A132-FD2D-40F8-B2DE-BDDD0BA46810}.Release|Any CPU.ActiveCfg = Release|Any CPU
		{95C6A132-FD2D-40F8-B2DE-BDDD0BA46810}.Release|Any CPU.Build.0 = Release|Any CPU
	EndGlobalSection
	GlobalSection(SolutionProperties) = preSolution
		HideSolutionNode = FALSE
	EndGlobalSection
EndGlobal
