
Microsoft Visual Studio Solution File, Format Version 11.00
# Visual Studio 2010
# SharpDevelop 4.2.0.8783
Project("{FAE04EC0-301F-11D3-BF4B-00C04F79EFBC}") = "WorkingWithDimension", "WorkingWithDimension\WorkingWithDimension.csproj", "{06F852FB-D794-4ABC-A15C-2892C47A6C65}"
EndProject
Global
	GlobalSection(SolutionConfigurationPlatforms) = preSolution
		Debug|Any CPU = Debug|Any CPU
		Release|Any CPU = Release|Any CPU
	EndGlobalSection
	GlobalSection(ProjectConfigurationPlatforms) = postSolution
		{06F852FB-D794-4ABC-A15C-2892C47A6C65}.Debug|Any CPU.Build.0 = Debug|Any CPU
		{06F852FB-D794-4ABC-A15C-2892C47A6C65}.Debug|Any CPU.ActiveCfg = Debug|Any CPU
		{06F852FB-D794-4ABC-A15C-2892C47A6C65}.Release|Any CPU.Build.0 = Release|Any CPU
		{06F852FB-D794-4ABC-A15C-2892C47A6C65}.Release|Any CPU.ActiveCfg = Release|Any CPU
	EndGlobalSection
EndGlobal
