
Microsoft Visual Studio Solution File, Format Version 12.00
# Visual Studio 14
VisualStudioVersion = 14.0.25420.1
MinimumVisualStudioVersion = 10.0.40219.1
Project("{FAE04EC0-301F-11D3-BF4B-00C04F79EFBC}") = "PaintFaceAuto", "PaintFaceAuto\PaintFaceAuto.csproj", "{D61C312D-8936-4042-90AB-5C108B8B37BE}"
EndProject
Global
	GlobalSection(SolutionConfigurationPlatforms) = preSolution
		Debug|Any CPU = Debug|Any CPU
		Release|Any CPU = Release|Any CPU
	EndGlobalSection
	GlobalSection(ProjectConfigurationPlatforms) = postSolution
		{D61C312D-8936-4042-90AB-5C108B8B37BE}.Debug|Any CPU.ActiveCfg = Debug|Any CPU
		{D61C312D-8936-4042-90AB-5C108B8B37BE}.Debug|Any CPU.Build.0 = Debug|Any CPU
		{D61C312D-8936-4042-90AB-5C108B8B37BE}.Release|Any CPU.ActiveCfg = Release|Any CPU
		{D61C312D-8936-4042-90AB-5C108B8B37BE}.Release|Any CPU.Build.0 = Release|Any CPU
	EndGlobalSection
	GlobalSection(SolutionProperties) = preSolution
		HideSolutionNode = FALSE
	EndGlobalSection
EndGlobal
