
Microsoft Visual Studio Solution File, Format Version 12.00
# Visual Studio 14
VisualStudioVersion = 14.0.25420.1
MinimumVisualStudioVersion = 10.0.40219.1
Project("{FAE04EC0-301F-11D3-BF4B-00C04F79EFBC}") = "RevitAddin1", "RevitAddin1\RevitAddin1.csproj", "{B9DD1A4C-C37E-44B7-87D8-2C5218341AFB}"
EndProject
Global
	GlobalSection(SolutionConfigurationPlatforms) = preSolution
		Debug|Any CPU = Debug|Any CPU
		Release|Any CPU = Release|Any CPU
	EndGlobalSection
	GlobalSection(ProjectConfigurationPlatforms) = postSolution
		{B9DD1A4C-C37E-44B7-87D8-2C5218341AFB}.Debug|Any CPU.ActiveCfg = Debug|Any CPU
		{B9DD1A4C-C37E-44B7-87D8-2C5218341AFB}.Debug|Any CPU.Build.0 = Debug|Any CPU
		{B9DD1A4C-C37E-44B7-87D8-2C5218341AFB}.Release|Any CPU.ActiveCfg = Release|Any CPU
		{B9DD1A4C-C37E-44B7-87D8-2C5218341AFB}.Release|Any CPU.Build.0 = Release|Any CPU
	EndGlobalSection
	GlobalSection(SolutionProperties) = preSolution
		HideSolutionNode = FALSE
	EndGlobalSection
EndGlobal
